
Microsoft Visual Studio Solution File, Format Version 12.00
# Visual Studio Version 17
VisualStudioVersion = 17.8.34316.72
MinimumVisualStudioVersion = 10.0.40219.1
Project("{FAE04EC0-301F-11D3-BF4B-00C04F79EFBC}") = "Wymiary Prostokąta", "Wymiary Prostokąta\Wymiary Prostokąta.csproj", "{40D470BF-0342-487B-A58C-AF451F062E7C}"
EndProject
Global
	GlobalSection(SolutionConfigurationPlatforms) = preSolution
		Debug|Any CPU = Debug|Any CPU
		Release|Any CPU = Release|Any CPU
	EndGlobalSection
	GlobalSection(ProjectConfigurationPlatforms) = postSolution
		{40D470BF-0342-487B-A58C-AF451F062E7C}.Debug|Any CPU.ActiveCfg = Debug|Any CPU
		{40D470BF-0342-487B-A58C-AF451F062E7C}.Debug|Any CPU.Build.0 = Debug|Any CPU
		{40D470BF-0342-487B-A58C-AF451F062E7C}.Release|Any CPU.ActiveCfg = Release|Any CPU
		{40D470BF-0342-487B-A58C-AF451F062E7C}.Release|Any CPU.Build.0 = Release|Any CPU
	EndGlobalSection
	GlobalSection(SolutionProperties) = preSolution
		HideSolutionNode = FALSE
	EndGlobalSection
	GlobalSection(ExtensibilityGlobals) = postSolution
		SolutionGuid = {4C6ACCE5-ED1B-49FA-9897-E4C142A1D670}
	EndGlobalSection
EndGlobal
